
Microsoft Visual Studio Solution File, Format Version 12.00
# Visual Studio 15
VisualStudioVersion = 15.0.28307.1000
MinimumVisualStudioVersion = 10.0.40219.1
Project("{FAE04EC0-301F-11D3-BF4B-00C04F79EFBC}") = "DMS.WebAPI", "DMS.WebAPI\DMS.WebAPI.csproj", "{AEAB0E45-FB48-41A2-BAC7-F171F0260C7A}"
EndProject
Project("{FAE04EC0-301F-11D3-BF4B-00C04F79EFBC}") = "DMS.BusinessEntities", "DMS.BusinessEntity\DMS.BusinessEntities.csproj", "{C6928B43-21D7-440F-A840-04B94D126EDE}"
EndProject
Project("{FAE04EC0-301F-11D3-BF4B-00C04F79EFBC}") = "DMS.Business", "DMS.Business\DMS.Business.csproj", "{4B31E65D-164F-4293-AB47-83FFEAA3599D}"
EndProject
Project("{FAE04EC0-301F-11D3-BF4B-00C04F79EFBC}") = "DMS.Data", "DMS.Data\DMS.Data.csproj", "{D02CEABA-AACA-4BA2-B239-EF9CEFB4512C}"
EndProject
Project("{FAE04EC0-301F-11D3-BF4B-00C04F79EFBC}") = "DMS.Common", "DMS.Common\DMS.Common.csproj", "{23A4B13F-D96C-4C86-A50C-290F30F46E7F}"
EndProject
Global
	GlobalSection(SolutionConfigurationPlatforms) = preSolution
		Debug|Any CPU = Debug|Any CPU
		Release|Any CPU = Release|Any CPU
	EndGlobalSection
	GlobalSection(ProjectConfigurationPlatforms) = postSolution
		{AEAB0E45-FB48-41A2-BAC7-F171F0260C7A}.Debug|Any CPU.ActiveCfg = Debug|Any CPU
		{AEAB0E45-FB48-41A2-BAC7-F171F0260C7A}.Debug|Any CPU.Build.0 = Debug|Any CPU
		{AEAB0E45-FB48-41A2-BAC7-F171F0260C7A}.Release|Any CPU.ActiveCfg = Release|Any CPU
		{AEAB0E45-FB48-41A2-BAC7-F171F0260C7A}.Release|Any CPU.Build.0 = Release|Any CPU
		{C6928B43-21D7-440F-A840-04B94D126EDE}.Debug|Any CPU.ActiveCfg = Debug|Any CPU
		{C6928B43-21D7-440F-A840-04B94D126EDE}.Debug|Any CPU.Build.0 = Debug|Any CPU
		{C6928B43-21D7-440F-A840-04B94D126EDE}.Release|Any CPU.ActiveCfg = Release|Any CPU
		{C6928B43-21D7-440F-A840-04B94D126EDE}.Release|Any CPU.Build.0 = Release|Any CPU
		{4B31E65D-164F-4293-AB47-83FFEAA3599D}.Debug|Any CPU.ActiveCfg = Debug|Any CPU
		{4B31E65D-164F-4293-AB47-83FFEAA3599D}.Debug|Any CPU.Build.0 = Debug|Any CPU
		{4B31E65D-164F-4293-AB47-83FFEAA3599D}.Release|Any CPU.ActiveCfg = Release|Any CPU
		{4B31E65D-164F-4293-AB47-83FFEAA3599D}.Release|Any CPU.Build.0 = Release|Any CPU
		{D02CEABA-AACA-4BA2-B239-EF9CEFB4512C}.Debug|Any CPU.ActiveCfg = Debug|Any CPU
		{D02CEABA-AACA-4BA2-B239-EF9CEFB4512C}.Debug|Any CPU.Build.0 = Debug|Any CPU
		{D02CEABA-AACA-4BA2-B239-EF9CEFB4512C}.Release|Any CPU.ActiveCfg = Release|Any CPU
		{D02CEABA-AACA-4BA2-B239-EF9CEFB4512C}.Release|Any CPU.Build.0 = Release|Any CPU
		{23A4B13F-D96C-4C86-A50C-290F30F46E7F}.Debug|Any CPU.ActiveCfg = Debug|Any CPU
		{23A4B13F-D96C-4C86-A50C-290F30F46E7F}.Debug|Any CPU.Build.0 = Debug|Any CPU
		{23A4B13F-D96C-4C86-A50C-290F30F46E7F}.Release|Any CPU.ActiveCfg = Release|Any CPU
		{23A4B13F-D96C-4C86-A50C-290F30F46E7F}.Release|Any CPU.Build.0 = Release|Any CPU
	EndGlobalSection
	GlobalSection(SolutionProperties) = preSolution
		HideSolutionNode = FALSE
	EndGlobalSection
	GlobalSection(ExtensibilityGlobals) = postSolution
		SolutionGuid = {5F705755-7D0B-4AAB-8761-F5F474BE448C}
	EndGlobalSection
EndGlobal
